
Microsoft Visual Studio Solution File, Format Version 12.00
# Visual Studio 15
Project("{FAE04EC0-301F-11D3-BF4B-00C04F79EFBC}") = "Assembly-CSharp", "Assembly-CSharp.csproj", "{757AAC75-8210-640C-6B53-734F233E5573}"
EndProject
Project("{FAE04EC0-301F-11D3-BF4B-00C04F79EFBC}") = "Assembly-CSharp-firstpass", "Assembly-CSharp-firstpass.csproj", "{A4E81214-E771-4436-EC16-C1C4B40D85F4}"
EndProject
Project("{FAE04EC0-301F-11D3-BF4B-00C04F79EFBC}") = "Assembly-CSharp-Editor-firstpass", "Assembly-CSharp-Editor-firstpass.csproj", "{20FC7E49-04A0-2924-1598-FC47DE680B03}"
EndProject
Global
	GlobalSection(SolutionConfigurationPlatforms) = preSolution
		Debug|Any CPU = Debug|Any CPU
		Release|Any CPU = Release|Any CPU
	EndGlobalSection
	GlobalSection(ProjectConfigurationPlatforms) = postSolution
		{757AAC75-8210-640C-6B53-734F233E5573}.Debug|Any CPU.ActiveCfg = Debug|Any CPU
		{757AAC75-8210-640C-6B53-734F233E5573}.Debug|Any CPU.Build.0 = Debug|Any CPU
		{757AAC75-8210-640C-6B53-734F233E5573}.Release|Any CPU.ActiveCfg = Release|Any CPU
		{757AAC75-8210-640C-6B53-734F233E5573}.Release|Any CPU.Build.0 = Release|Any CPU
		{A4E81214-E771-4436-EC16-C1C4B40D85F4}.Debug|Any CPU.ActiveCfg = Debug|Any CPU
		{A4E81214-E771-4436-EC16-C1C4B40D85F4}.Debug|Any CPU.Build.0 = Debug|Any CPU
		{A4E81214-E771-4436-EC16-C1C4B40D85F4}.Release|Any CPU.ActiveCfg = Release|Any CPU
		{A4E81214-E771-4436-EC16-C1C4B40D85F4}.Release|Any CPU.Build.0 = Release|Any CPU
		{20FC7E49-04A0-2924-1598-FC47DE680B03}.Debug|Any CPU.ActiveCfg = Debug|Any CPU
		{20FC7E49-04A0-2924-1598-FC47DE680B03}.Debug|Any CPU.Build.0 = Debug|Any CPU
		{20FC7E49-04A0-2924-1598-FC47DE680B03}.Release|Any CPU.ActiveCfg = Release|Any CPU
		{20FC7E49-04A0-2924-1598-FC47DE680B03}.Release|Any CPU.Build.0 = Release|Any CPU
	EndGlobalSection
	GlobalSection(SolutionProperties) = preSolution
		HideSolutionNode = FALSE
	EndGlobalSection
EndGlobal
